
Microsoft Visual Studio Solution File, Format Version 12.00
# Visual Studio Version 17
VisualStudioVersion = 17.10.35004.147
MinimumVisualStudioVersion = 10.0.40219.1
Project("{FAE04EC0-301F-11D3-BF4B-00C04F79EFBC}") = "NetNamedPipePathSearcher", "NetNamedPipePathSearcher\NetNamedPipePathSearcher.csproj", "{8F445725-FBD0-40E1-8EFC-E0B003C7356E}"
EndProject
Project("{FAE04EC0-301F-11D3-BF4B-00C04F79EFBC}") = "BasicNamedPipeService", "BasicNamedPipeService\BasicNamedPipeService.csproj", "{E36022BA-1562-4C5F-8D6E-5C7AAE32D2D5}"
EndProject
Global
	GlobalSection(SolutionConfigurationPlatforms) = preSolution
		Debug|Any CPU = Debug|Any CPU
		Release|Any CPU = Release|Any CPU
	EndGlobalSection
	GlobalSection(ProjectConfigurationPlatforms) = postSolution
		{8F445725-FBD0-40E1-8EFC-E0B003C7356E}.Debug|Any CPU.ActiveCfg = Debug|Any CPU
		{8F445725-FBD0-40E1-8EFC-E0B003C7356E}.Debug|Any CPU.Build.0 = Debug|Any CPU
		{8F445725-FBD0-40E1-8EFC-E0B003C7356E}.Release|Any CPU.ActiveCfg = Release|Any CPU
		{8F445725-FBD0-40E1-8EFC-E0B003C7356E}.Release|Any CPU.Build.0 = Release|Any CPU
		{E36022BA-1562-4C5F-8D6E-5C7AAE32D2D5}.Debug|Any CPU.ActiveCfg = Debug|Any CPU
		{E36022BA-1562-4C5F-8D6E-5C7AAE32D2D5}.Debug|Any CPU.Build.0 = Debug|Any CPU
		{E36022BA-1562-4C5F-8D6E-5C7AAE32D2D5}.Release|Any CPU.ActiveCfg = Release|Any CPU
		{E36022BA-1562-4C5F-8D6E-5C7AAE32D2D5}.Release|Any CPU.Build.0 = Release|Any CPU
	EndGlobalSection
	GlobalSection(SolutionProperties) = preSolution
		HideSolutionNode = FALSE
	EndGlobalSection
	GlobalSection(ExtensibilityGlobals) = postSolution
		SolutionGuid = {94965F64-664A-4B1A-A726-C257C941FBBE}
	EndGlobalSection
EndGlobal
