
Microsoft Visual Studio Solution File, Format Version 12.00
# Visual Studio Version 17
VisualStudioVersion = 17.12.35728.132
MinimumVisualStudioVersion = 10.0.40219.1
Project("{FAE04EC0-301F-11D3-BF4B-00C04F79EFBC}") = "BinaryXmlSerialization", "BinaryXmlSerialization\BinaryXmlSerialization.csproj", "{FF6C34B1-85D1-4764-B26A-199DFA832526}"
EndProject
Project("{FAE04EC0-301F-11D3-BF4B-00C04F79EFBC}") = "BinaryXmlDemo", "BinaryXmlDemo\BinaryXmlDemo.csproj", "{A7825E34-8A0C-4C25-A3BC-11D5A053FC19}"
EndProject
Global
	GlobalSection(SolutionConfigurationPlatforms) = preSolution
		Debug|Any CPU = Debug|Any CPU
		Release|Any CPU = Release|Any CPU
	EndGlobalSection
	GlobalSection(ProjectConfigurationPlatforms) = postSolution
		{FF6C34B1-85D1-4764-B26A-199DFA832526}.Debug|Any CPU.ActiveCfg = Debug|Any CPU
		{FF6C34B1-85D1-4764-B26A-199DFA832526}.Debug|Any CPU.Build.0 = Debug|Any CPU
		{FF6C34B1-85D1-4764-B26A-199DFA832526}.Release|Any CPU.ActiveCfg = Release|Any CPU
		{FF6C34B1-85D1-4764-B26A-199DFA832526}.Release|Any CPU.Build.0 = Release|Any CPU
		{A7825E34-8A0C-4C25-A3BC-11D5A053FC19}.Debug|Any CPU.ActiveCfg = Debug|Any CPU
		{A7825E34-8A0C-4C25-A3BC-11D5A053FC19}.Debug|Any CPU.Build.0 = Debug|Any CPU
		{A7825E34-8A0C-4C25-A3BC-11D5A053FC19}.Release|Any CPU.ActiveCfg = Release|Any CPU
		{A7825E34-8A0C-4C25-A3BC-11D5A053FC19}.Release|Any CPU.Build.0 = Release|Any CPU
	EndGlobalSection
	GlobalSection(SolutionProperties) = preSolution
		HideSolutionNode = FALSE
	EndGlobalSection
EndGlobal
